// !$*UTF8*$!
{
	archiveVersion = 1;
	classes = {
	};
	objectVersion = 50;
	objects = {

/* Begin PBXBuildFile section */
		04252AC323FDB0B800BA9B18 /* UISearchController+ext.swift in Sources */ = {isa = PBXBuildFile; fileRef = 04252AC223FDB0B800BA9B18 /* UISearchController+ext.swift */; };
		04252AC623FDB4E700BA9B18 /* Constants.swift in Sources */ = {isa = PBXBuildFile; fileRef = 04252AC523FDB4E700BA9B18 /* Constants.swift */; };
		04252AC823FDB5FF00BA9B18 /* PRControllerWithSearch.swift in Sources */ = {isa = PBXBuildFile; fileRef = 04252AC723FDB5FF00BA9B18 /* PRControllerWithSearch.swift */; };
		0461FCC223DEA2A700E0AEEA /* PokemonCell.swift in Sources */ = {isa = PBXBuildFile; fileRef = 0461FCC123DEA2A700E0AEEA /* PokemonCell.swift */; };
		0461FCC523DEA38900E0AEEA /* PRSpriteImageView.swift in Sources */ = {isa = PBXBuildFile; fileRef = 0461FCC423DEA38900E0AEEA /* PRSpriteImageView.swift */; };
		0461FCC723DEAD6900E0AEEA /* PRTitleLabel.swift in Sources */ = {isa = PBXBuildFile; fileRef = 0461FCC623DEAD6900E0AEEA /* PRTitleLabel.swift */; };
		0461FCC923DEAD7F00E0AEEA /* PRSubtitleLabel.swift in Sources */ = {isa = PBXBuildFile; fileRef = 0461FCC823DEAD7F00E0AEEA /* PRSubtitleLabel.swift */; };
		0461FCCC23DEAFE900E0AEEA /* PRTypeImageView.swift in Sources */ = {isa = PBXBuildFile; fileRef = 0461FCCB23DEAFE900E0AEEA /* PRTypeImageView.swift */; };
		0461FCCE23DEB59D00E0AEEA /* Formattable+ext.swift in Sources */ = {isa = PBXBuildFile; fileRef = 0461FCCD23DEB59D00E0AEEA /* Formattable+ext.swift */; };
		0461FCD123DEC84300E0AEEA /* PokemonDetailController.swift in Sources */ = {isa = PBXBuildFile; fileRef = 0461FCD023DEC84300E0AEEA /* PokemonDetailController.swift */; };
		04696D3A23FA84140039E9FF /* PokemonReloaded.xcdatamodeld in Sources */ = {isa = PBXBuildFile; fileRef = 04696D3823FA84140039E9FF /* PokemonReloaded.xcdatamodeld */; };
		048112AA23B94610001292D2 /* ItemsController.swift in Sources */ = {isa = PBXBuildFile; fileRef = 048112A923B94610001292D2 /* ItemsController.swift */; };
		048112AC23B94636001292D2 /* MovesController.swift in Sources */ = {isa = PBXBuildFile; fileRef = 048112AB23B94636001292D2 /* MovesController.swift */; };
		048112AF23B989E9001292D2 /* Response.swift in Sources */ = {isa = PBXBuildFile; fileRef = 048112AE23B989E9001292D2 /* Response.swift */; };
		049579F023B9417400B77860 /* AppDelegate.swift in Sources */ = {isa = PBXBuildFile; fileRef = 049579EF23B9417400B77860 /* AppDelegate.swift */; };
		049579F223B9417400B77860 /* SceneDelegate.swift in Sources */ = {isa = PBXBuildFile; fileRef = 049579F123B9417400B77860 /* SceneDelegate.swift */; };
		049579F923B9417500B77860 /* Assets.xcassets in Resources */ = {isa = PBXBuildFile; fileRef = 049579F823B9417500B77860 /* Assets.xcassets */; };
		049579FC23B9417500B77860 /* LaunchScreen.storyboard in Resources */ = {isa = PBXBuildFile; fileRef = 049579FA23B9417500B77860 /* LaunchScreen.storyboard */; };
		04957A0723B9421A00B77860 /* PokemonController.swift in Sources */ = {isa = PBXBuildFile; fileRef = 04957A0623B9421A00B77860 /* PokemonController.swift */; };
		04FF6BCE23C14F8A004F6F0E /* NetworkManager.swift in Sources */ = {isa = PBXBuildFile; fileRef = 04FF6BCD23C14F8A004F6F0E /* NetworkManager.swift */; };
		04FF6BD023C15119004F6F0E /* ErrorMessage.swift in Sources */ = {isa = PBXBuildFile; fileRef = 04FF6BCF23C15119004F6F0E /* ErrorMessage.swift */; };
		04FF6BD223C15676004F6F0E /* PokemonDetail.swift in Sources */ = {isa = PBXBuildFile; fileRef = 04FF6BD123C15676004F6F0E /* PokemonDetail.swift */; };
/* End PBXBuildFile section */

/* Begin PBXFileReference section */
		04252AC223FDB0B800BA9B18 /* UISearchController+ext.swift */ = {isa = PBXFileReference; lastKnownFileType = sourcecode.swift; path = "UISearchController+ext.swift"; sourceTree = "<group>"; };
		04252AC523FDB4E700BA9B18 /* Constants.swift */ = {isa = PBXFileReference; lastKnownFileType = sourcecode.swift; path = Constants.swift; sourceTree = "<group>"; };
		04252AC723FDB5FF00BA9B18 /* PRControllerWithSearch.swift */ = {isa = PBXFileReference; lastKnownFileType = sourcecode.swift; path = PRControllerWithSearch.swift; sourceTree = "<group>"; };
		0461FCC123DEA2A700E0AEEA /* PokemonCell.swift */ = {isa = PBXFileReference; lastKnownFileType = sourcecode.swift; path = PokemonCell.swift; sourceTree = "<group>"; };
		0461FCC423DEA38900E0AEEA /* PRSpriteImageView.swift */ = {isa = PBXFileReference; lastKnownFileType = sourcecode.swift; path = PRSpriteImageView.swift; sourceTree = "<group>"; };
		0461FCC623DEAD6900E0AEEA /* PRTitleLabel.swift */ = {isa = PBXFileReference; lastKnownFileType = sourcecode.swift; path = PRTitleLabel.swift; sourceTree = "<group>"; };
		0461FCC823DEAD7F00E0AEEA /* PRSubtitleLabel.swift */ = {isa = PBXFileReference; lastKnownFileType = sourcecode.swift; path = PRSubtitleLabel.swift; sourceTree = "<group>"; };
		0461FCCB23DEAFE900E0AEEA /* PRTypeImageView.swift */ = {isa = PBXFileReference; lastKnownFileType = sourcecode.swift; path = PRTypeImageView.swift; sourceTree = "<group>"; };
		0461FCCD23DEB59D00E0AEEA /* Formattable+ext.swift */ = {isa = PBXFileReference; lastKnownFileType = sourcecode.swift; path = "Formattable+ext.swift"; sourceTree = "<group>"; };
		0461FCD023DEC84300E0AEEA /* PokemonDetailController.swift */ = {isa = PBXFileReference; lastKnownFileType = sourcecode.swift; path = PokemonDetailController.swift; sourceTree = "<group>"; };
		04696D3923FA84140039E9FF /* PokemonReloaded.xcdatamodel */ = {isa = PBXFileReference; lastKnownFileType = wrapper.xcdatamodel; path = PokemonReloaded.xcdatamodel; sourceTree = "<group>"; };
		048112A923B94610001292D2 /* ItemsController.swift */ = {isa = PBXFileReference; lastKnownFileType = sourcecode.swift; path = ItemsController.swift; sourceTree = "<group>"; };
		048112AB23B94636001292D2 /* MovesController.swift */ = {isa = PBXFileReference; lastKnownFileType = sourcecode.swift; path = MovesController.swift; sourceTree = "<group>"; };
		048112AE23B989E9001292D2 /* Response.swift */ = {isa = PBXFileReference; lastKnownFileType = sourcecode.swift; path = Response.swift; sourceTree = "<group>"; };
		049579EC23B9417400B77860 /* Pokédex.app */ = {isa = PBXFileReference; explicitFileType = wrapper.application; includeInIndex = 0; path = "Pokédex.app"; sourceTree = BUILT_PRODUCTS_DIR; };
		049579EF23B9417400B77860 /* AppDelegate.swift */ = {isa = PBXFileReference; lastKnownFileType = sourcecode.swift; path = AppDelegate.swift; sourceTree = "<group>"; };
		049579F123B9417400B77860 /* SceneDelegate.swift */ = {isa = PBXFileReference; lastKnownFileType = sourcecode.swift; path = SceneDelegate.swift; sourceTree = "<group>"; };
		049579F823B9417500B77860 /* Assets.xcassets */ = {isa = PBXFileReference; lastKnownFileType = folder.assetcatalog; path = Assets.xcassets; sourceTree = "<group>"; };
		049579FB23B9417500B77860 /* Base */ = {isa = PBXFileReference; lastKnownFileType = file.storyboard; name = Base; path = Base.lproj/LaunchScreen.storyboard; sourceTree = "<group>"; };
		049579FD23B9417500B77860 /* Info.plist */ = {isa = PBXFileReference; lastKnownFileType = text.plist.xml; path = Info.plist; sourceTree = "<group>"; };
		04957A0623B9421A00B77860 /* PokemonController.swift */ = {isa = PBXFileReference; lastKnownFileType = sourcecode.swift; path = PokemonController.swift; sourceTree = "<group>"; };
		04FF6BCD23C14F8A004F6F0E /* NetworkManager.swift */ = {isa = PBXFileReference; lastKnownFileType = sourcecode.swift; path = NetworkManager.swift; sourceTree = "<group>"; };
		04FF6BCF23C15119004F6F0E /* ErrorMessage.swift */ = {isa = PBXFileReference; lastKnownFileType = sourcecode.swift; path = ErrorMessage.swift; sourceTree = "<group>"; };
		04FF6BD123C15676004F6F0E /* PokemonDetail.swift */ = {isa = PBXFileReference; lastKnownFileType = sourcecode.swift; path = PokemonDetail.swift; sourceTree = "<group>"; };
/* End PBXFileReference section */

/* Begin PBXFrameworksBuildPhase section */
		049579E923B9417400B77860 /* Frameworks */ = {
			isa = PBXFrameworksBuildPhase;
			buildActionMask = 2147483647;
			files = (
			);
			runOnlyForDeploymentPostprocessing = 0;
		};
/* End PBXFrameworksBuildPhase section */

/* Begin PBXGroup section */
		04252AC123FDAF5800BA9B18 /* Pokemon Controller */ = {
			isa = PBXGroup;
			children = (
				04957A0623B9421A00B77860 /* PokemonController.swift */,
				0461FCD023DEC84300E0AEEA /* PokemonDetailController.swift */,
			);
			path = "Pokemon Controller";
			sourceTree = "<group>";
		};
		04252AC423FDB4A900BA9B18 /* View Controller */ = {
			isa = PBXGroup;
			children = (
				04252AC723FDB5FF00BA9B18 /* PRControllerWithSearch.swift */,
			);
			path = "View Controller";
			sourceTree = "<group>";
		};
		04252AC923FDBBA900BA9B18 /* Pokemon */ = {
			isa = PBXGroup;
			children = (
				04FF6BD123C15676004F6F0E /* PokemonDetail.swift */,
			);
			path = Pokemon;
			sourceTree = "<group>";
		};
		04252ACA23FDBBC100BA9B18 /* Moves */ = {
			isa = PBXGroup;
			children = (
			);
			path = Moves;
			sourceTree = "<group>";
		};
		04252ACB23FDBBC800BA9B18 /* Items */ = {
			isa = PBXGroup;
			children = (
			);
			path = Items;
			sourceTree = "<group>";
		};
		0461FCBF23DEA23700E0AEEA /* Custom Views */ = {
			isa = PBXGroup;
			children = (
				04252AC423FDB4A900BA9B18 /* View Controller */,
				0461FCC323DEA36600E0AEEA /* ImageViews */,
				0461FCC023DEA26500E0AEEA /* Cells */,
				0461FCCA23DEAD8600E0AEEA /* Labels */,
			);
			path = "Custom Views";
			sourceTree = "<group>";
		};
		0461FCC023DEA26500E0AEEA /* Cells */ = {
			isa = PBXGroup;
			children = (
				0461FCC123DEA2A700E0AEEA /* PokemonCell.swift */,
			);
			path = Cells;
			sourceTree = "<group>";
		};
		0461FCC323DEA36600E0AEEA /* ImageViews */ = {
			isa = PBXGroup;
			children = (
				0461FCC423DEA38900E0AEEA /* PRSpriteImageView.swift */,
				0461FCCB23DEAFE900E0AEEA /* PRTypeImageView.swift */,
			);
			path = ImageViews;
			sourceTree = "<group>";
		};
		0461FCCA23DEAD8600E0AEEA /* Labels */ = {
			isa = PBXGroup;
			children = (
				0461FCC623DEAD6900E0AEEA /* PRTitleLabel.swift */,
				0461FCC823DEAD7F00E0AEEA /* PRSubtitleLabel.swift */,
			);
			path = Labels;
			sourceTree = "<group>";
		};
		0461FCCF23DEC7FB00E0AEEA /* Pokemon Screen Workoflow */ = {
			isa = PBXGroup;
			children = (
				04252AC123FDAF5800BA9B18 /* Pokemon Controller */,
			);
			path = "Pokemon Screen Workoflow";
			sourceTree = "<group>";
		};
		04696D3723FA83ED0039E9FF /* Core Data Model */ = {
			isa = PBXGroup;
			children = (
				04696D3823FA84140039E9FF /* PokemonReloaded.xcdatamodeld */,
			);
			path = "Core Data Model";
			sourceTree = "<group>";
		};
		048112AD23B989D5001292D2 /* Model */ = {
			isa = PBXGroup;
			children = (
				048112AE23B989E9001292D2 /* Response.swift */,
				04252ACB23FDBBC800BA9B18 /* Items */,
				04252ACA23FDBBC100BA9B18 /* Moves */,
				04252AC923FDBBA900BA9B18 /* Pokemon */,
			);
			path = Model;
			sourceTree = "<group>";
		};
		049579E323B9417400B77860 = {
			isa = PBXGroup;
			children = (
				049579EE23B9417400B77860 /* Pokedex Reloaded */,
				049579ED23B9417400B77860 /* Products */,
			);
			sourceTree = "<group>";
		};
		049579ED23B9417400B77860 /* Products */ = {
			isa = PBXGroup;
			children = (
				049579EC23B9417400B77860 /* Pokédex.app */,
			);
			name = Products;
			sourceTree = "<group>";
		};
		049579EE23B9417400B77860 /* Pokedex Reloaded */ = {
			isa = PBXGroup;
			children = (
				04957A0923B9428200B77860 /* Extenstions */,
				04957A0823B9422100B77860 /* Utilities */,
				04696D3723FA83ED0039E9FF /* Core Data Model */,
				04957A0523B9419D00B77860 /* Managers */,
				048112AD23B989D5001292D2 /* Model */,
				0461FCBF23DEA23700E0AEEA /* Custom Views */,
				04957A0423B9419300B77860 /* Controllers */,
				04957A0323B9417E00B77860 /* Supporting */,
			);
			path = "Pokedex Reloaded";
			sourceTree = "<group>";
		};
		04957A0323B9417E00B77860 /* Supporting */ = {
			isa = PBXGroup;
			children = (
				049579F823B9417500B77860 /* Assets.xcassets */,
				049579FA23B9417500B77860 /* LaunchScreen.storyboard */,
				049579FD23B9417500B77860 /* Info.plist */,
				049579EF23B9417400B77860 /* AppDelegate.swift */,
				049579F123B9417400B77860 /* SceneDelegate.swift */,
			);
			path = Supporting;
			sourceTree = "<group>";
		};
		04957A0423B9419300B77860 /* Controllers */ = {
			isa = PBXGroup;
			children = (
				0461FCCF23DEC7FB00E0AEEA /* Pokemon Screen Workoflow */,
				048112A923B94610001292D2 /* ItemsController.swift */,
				048112AB23B94636001292D2 /* MovesController.swift */,
			);
			path = Controllers;
			sourceTree = "<group>";
		};
		04957A0523B9419D00B77860 /* Managers */ = {
			isa = PBXGroup;
			children = (
				04FF6BCD23C14F8A004F6F0E /* NetworkManager.swift */,
			);
			path = Managers;
			sourceTree = "<group>";
		};
		04957A0823B9422100B77860 /* Utilities */ = {
			isa = PBXGroup;
			children = (
				04FF6BCF23C15119004F6F0E /* ErrorMessage.swift */,
				04252AC523FDB4E700BA9B18 /* Constants.swift */,
			);
			path = Utilities;
			sourceTree = "<group>";
		};
		04957A0923B9428200B77860 /* Extenstions */ = {
			isa = PBXGroup;
			children = (
				0461FCCD23DEB59D00E0AEEA /* Formattable+ext.swift */,
				04252AC223FDB0B800BA9B18 /* UISearchController+ext.swift */,
			);
			path = Extenstions;
			sourceTree = "<group>";
		};
/* End PBXGroup section */

/* Begin PBXNativeTarget section */
		049579EB23B9417400B77860 /* Pokedex Reloaded */ = {
			isa = PBXNativeTarget;
			buildConfigurationList = 04957A0023B9417500B77860 /* Build configuration list for PBXNativeTarget "Pokedex Reloaded" */;
			buildPhases = (
				049579E823B9417400B77860 /* Sources */,
				049579E923B9417400B77860 /* Frameworks */,
				049579EA23B9417400B77860 /* Resources */,
			);
			buildRules = (
			);
			dependencies = (
			);
			name = "Pokedex Reloaded";
			productName = "Pokedex Reloaded";
			productReference = 049579EC23B9417400B77860 /* Pokédex.app */;
			productType = "com.apple.product-type.application";
		};
/* End PBXNativeTarget section */

/* Begin PBXProject section */
		049579E423B9417400B77860 /* Project object */ = {
			isa = PBXProject;
			attributes = {
				LastSwiftUpdateCheck = 1130;
				LastUpgradeCheck = 1130;
				ORGANIZATIONNAME = Deonte;
				TargetAttributes = {
					049579EB23B9417400B77860 = {
						CreatedOnToolsVersion = 11.3;
					};
				};
			};
			buildConfigurationList = 049579E723B9417400B77860 /* Build configuration list for PBXProject "Pokedex Reloaded" */;
			compatibilityVersion = "Xcode 9.3";
			developmentRegion = en;
			hasScannedForEncodings = 0;
			knownRegions = (
				en,
				Base,
			);
			mainGroup = 049579E323B9417400B77860;
			productRefGroup = 049579ED23B9417400B77860 /* Products */;
			projectDirPath = "";
			projectRoot = "";
			targets = (
				049579EB23B9417400B77860 /* Pokedex Reloaded */,
			);
		};
/* End PBXProject section */

/* Begin PBXResourcesBuildPhase section */
		049579EA23B9417400B77860 /* Resources */ = {
			isa = PBXResourcesBuildPhase;
			buildActionMask = 2147483647;
			files = (
				049579FC23B9417500B77860 /* LaunchScreen.storyboard in Resources */,
				049579F923B9417500B77860 /* Assets.xcassets in Resources */,
			);
			runOnlyForDeploymentPostprocessing = 0;
		};
/* End PBXResourcesBuildPhase section */

/* Begin PBXSourcesBuildPhase section */
		049579E823B9417400B77860 /* Sources */ = {
			isa = PBXSourcesBuildPhase;
			buildActionMask = 2147483647;
			files = (
				0461FCCC23DEAFE900E0AEEA /* PRTypeImageView.swift in Sources */,
				049579F023B9417400B77860 /* AppDelegate.swift in Sources */,
				049579F223B9417400B77860 /* SceneDelegate.swift in Sources */,
				0461FCC923DEAD7F00E0AEEA /* PRSubtitleLabel.swift in Sources */,
				048112AA23B94610001292D2 /* ItemsController.swift in Sources */,
				0461FCCE23DEB59D00E0AEEA /* Formattable+ext.swift in Sources */,
				0461FCC523DEA38900E0AEEA /* PRSpriteImageView.swift in Sources */,
				04957A0723B9421A00B77860 /* PokemonController.swift in Sources */,
				04696D3A23FA84140039E9FF /* PokemonReloaded.xcdatamodeld in Sources */,
				0461FCD123DEC84300E0AEEA /* PokemonDetailController.swift in Sources */,
				0461FCC723DEAD6900E0AEEA /* PRTitleLabel.swift in Sources */,
				04252AC823FDB5FF00BA9B18 /* PRControllerWithSearch.swift in Sources */,
				04252AC323FDB0B800BA9B18 /* UISearchController+ext.swift in Sources */,
				04FF6BD023C15119004F6F0E /* ErrorMessage.swift in Sources */,
				0461FCC223DEA2A700E0AEEA /* PokemonCell.swift in Sources */,
				04252AC623FDB4E700BA9B18 /* Constants.swift in Sources */,
				04FF6BCE23C14F8A004F6F0E /* NetworkManager.swift in Sources */,
				048112AC23B94636001292D2 /* MovesController.swift in Sources */,
				04FF6BD223C15676004F6F0E /* PokemonDetail.swift in Sources */,
				048112AF23B989E9001292D2 /* Response.swift in Sources */,
			);
			runOnlyForDeploymentPostprocessing = 0;
		};
/* End PBXSourcesBuildPhase section */

/* Begin PBXVariantGroup section */
		049579FA23B9417500B77860 /* LaunchScreen.storyboard */ = {
			isa = PBXVariantGroup;
			children = (
				049579FB23B9417500B77860 /* Base */,
			);
			name = LaunchScreen.storyboard;
			sourceTree = "<group>";
		};
/* End PBXVariantGroup section */

/* Begin XCBuildConfiguration section */
		049579FE23B9417500B77860 /* Debug */ = {
			isa = XCBuildConfiguration;
			buildSettings = {
				ALWAYS_SEARCH_USER_PATHS = NO;
				CLANG_ANALYZER_NONNULL = YES;
				CLANG_ANALYZER_NUMBER_OBJECT_CONVERSION = YES_AGGRESSIVE;
				CLANG_CXX_LANGUAGE_STANDARD = "gnu++14";
				CLANG_CXX_LIBRARY = "libc++";
				CLANG_ENABLE_MODULES = YES;
				CLANG_ENABLE_OBJC_ARC = YES;
				CLANG_ENABLE_OBJC_WEAK = YES;
				CLANG_WARN_BLOCK_CAPTURE_AUTORELEASING = YES;
				CLANG_WARN_BOOL_CONVERSION = YES;
				CLANG_WARN_COMMA = YES;
				CLANG_WARN_CONSTANT_CONVERSION = YES;
				CLANG_WARN_DEPRECATED_OBJC_IMPLEMENTATIONS = YES;
				CLANG_WARN_DIRECT_OBJC_ISA_USAGE = YES_ERROR;
				CLANG_WARN_DOCUMENTATION_COMMENTS = YES;
				CLANG_WARN_EMPTY_BODY = YES;
				CLANG_WARN_ENUM_CONVERSION = YES;
				CLANG_WARN_INFINITE_RECURSION = YES;
				CLANG_WARN_INT_CONVERSION = YES;
				CLANG_WARN_NON_LITERAL_NULL_CONVERSION = YES;
				CLANG_WARN_OBJC_IMPLICIT_RETAIN_SELF = YES;
				CLANG_WARN_OBJC_LITERAL_CONVERSION = YES;
				CLANG_WARN_OBJC_ROOT_CLASS = YES_ERROR;
				CLANG_WARN_RANGE_LOOP_ANALYSIS = YES;
				CLANG_WARN_STRICT_PROTOTYPES = YES;
				CLANG_WARN_SUSPICIOUS_MOVE = YES;
				CLANG_WARN_UNGUARDED_AVAILABILITY = YES_AGGRESSIVE;
				CLANG_WARN_UNREACHABLE_CODE = YES;
				CLANG_WARN__DUPLICATE_METHOD_MATCH = YES;
				COPY_PHASE_STRIP = NO;
				DEBUG_INFORMATION_FORMAT = dwarf;
				ENABLE_STRICT_OBJC_MSGSEND = YES;
				ENABLE_TESTABILITY = YES;
				GCC_C_LANGUAGE_STANDARD = gnu11;
				GCC_DYNAMIC_NO_PIC = NO;
				GCC_NO_COMMON_BLOCKS = YES;
				GCC_OPTIMIZATION_LEVEL = 0;
				GCC_PREPROCESSOR_DEFINITIONS = (
					"DEBUG=1",
					"$(inherited)",
				);
				GCC_WARN_64_TO_32_BIT_CONVERSION = YES;
				GCC_WARN_ABOUT_RETURN_TYPE = YES_ERROR;
				GCC_WARN_UNDECLARED_SELECTOR = YES;
				GCC_WARN_UNINITIALIZED_AUTOS = YES_AGGRESSIVE;
				GCC_WARN_UNUSED_FUNCTION = YES;
				GCC_WARN_UNUSED_VARIABLE = YES;
				IPHONEOS_DEPLOYMENT_TARGET = 13.2;
				MTL_ENABLE_DEBUG_INFO = INCLUDE_SOURCE;
				MTL_FAST_MATH = YES;
				ONLY_ACTIVE_ARCH = YES;
				SDKROOT = iphoneos;
				SWIFT_ACTIVE_COMPILATION_CONDITIONS = DEBUG;
				SWIFT_OPTIMIZATION_LEVEL = "-Onone";
			};
			name = Debug;
		};
		049579FF23B9417500B77860 /* Release */ = {
			isa = XCBuildConfiguration;
			buildSettings = {
				ALWAYS_SEARCH_USER_PATHS = NO;
				CLANG_ANALYZER_NONNULL = YES;
				CLANG_ANALYZER_NUMBER_OBJECT_CONVERSION = YES_AGGRESSIVE;
				CLANG_CXX_LANGUAGE_STANDARD = "gnu++14";
				CLANG_CXX_LIBRARY = "libc++";
				CLANG_ENABLE_MODULES = YES;
				CLANG_ENABLE_OBJC_ARC = YES;
				CLANG_ENABLE_OBJC_WEAK = YES;
				CLANG_WARN_BLOCK_CAPTURE_AUTORELEASING = YES;
				CLANG_WARN_BOOL_CONVERSION = YES;
				CLANG_WARN_COMMA = YES;
				CLANG_WARN_CONSTANT_CONVERSION = YES;
				CLANG_WARN_DEPRECATED_OBJC_IMPLEMENTATIONS = YES;
				CLANG_WARN_DIRECT_OBJC_ISA_USAGE = YES_ERROR;
				CLANG_WARN_DOCUMENTATION_COMMENTS = YES;
				CLANG_WARN_EMPTY_BODY = YES;
				CLANG_WARN_ENUM_CONVERSION = YES;
				CLANG_WARN_INFINITE_RECURSION = YES;
				CLANG_WARN_INT_CONVERSION = YES;
				CLANG_WARN_NON_LITERAL_NULL_CONVERSION = YES;
				CLANG_WARN_OBJC_IMPLICIT_RETAIN_SELF = YES;
				CLANG_WARN_OBJC_LITERAL_CONVERSION = YES;
				CLANG_WARN_OBJC_ROOT_CLASS = YES_ERROR;
				CLANG_WARN_RANGE_LOOP_ANALYSIS = YES;
				CLANG_WARN_STRICT_PROTOTYPES = YES;
				CLANG_WARN_SUSPICIOUS_MOVE = YES;
				CLANG_WARN_UNGUARDED_AVAILABILITY = YES_AGGRESSIVE;
				CLANG_WARN_UNREACHABLE_CODE = YES;
				CLANG_WARN__DUPLICATE_METHOD_MATCH = YES;
				COPY_PHASE_STRIP = NO;
				DEBUG_INFORMATION_FORMAT = "dwarf-with-dsym";
				ENABLE_NS_ASSERTIONS = NO;
				ENABLE_STRICT_OBJC_MSGSEND = YES;
				GCC_C_LANGUAGE_STANDARD = gnu11;
				GCC_NO_COMMON_BLOCKS = YES;
				GCC_WARN_64_TO_32_BIT_CONVERSION = YES;
				GCC_WARN_ABOUT_RETURN_TYPE = YES_ERROR;
				GCC_WARN_UNDECLARED_SELECTOR = YES;
				GCC_WARN_UNINITIALIZED_AUTOS = YES_AGGRESSIVE;
				GCC_WARN_UNUSED_FUNCTION = YES;
				GCC_WARN_UNUSED_VARIABLE = YES;
				IPHONEOS_DEPLOYMENT_TARGET = 13.2;
				MTL_ENABLE_DEBUG_INFO = NO;
				MTL_FAST_MATH = YES;
				SDKROOT = iphoneos;
				SWIFT_COMPILATION_MODE = wholemodule;
				SWIFT_OPTIMIZATION_LEVEL = "-O";
				VALIDATE_PRODUCT = YES;
			};
			name = Release;
		};
		04957A0123B9417500B77860 /* Debug */ = {
			isa = XCBuildConfiguration;
			buildSettings = {
				ASSETCATALOG_COMPILER_APPICON_NAME = AppIcon;
				CODE_SIGN_STYLE = Automatic;
				DEVELOPMENT_TEAM = 848C2FNJZC;
				INFOPLIST_FILE = "Pokedex Reloaded/Supporting/Info.plist";
				IPHONEOS_DEPLOYMENT_TARGET = 13.2;
				LD_RUNPATH_SEARCH_PATHS = (
					"$(inherited)",
					"@executable_path/Frameworks",
				);
				PRODUCT_BUNDLE_IDENTIFIER = "com.deontecodes.Pokedex-Reloaded";
				PRODUCT_NAME = "Pokédex";
				SWIFT_VERSION = 5.0;
				TARGETED_DEVICE_FAMILY = 1;
			};
			name = Debug;
		};
		04957A0223B9417500B77860 /* Release */ = {
			isa = XCBuildConfiguration;
			buildSettings = {
				ASSETCATALOG_COMPILER_APPICON_NAME = AppIcon;
				CODE_SIGN_STYLE = Automatic;
				DEVELOPMENT_TEAM = 848C2FNJZC;
				INFOPLIST_FILE = "Pokedex Reloaded/Supporting/Info.plist";
				IPHONEOS_DEPLOYMENT_TARGET = 13.2;
				LD_RUNPATH_SEARCH_PATHS = (
					"$(inherited)",
					"@executable_path/Frameworks",
				);
				PRODUCT_BUNDLE_IDENTIFIER = "com.deontecodes.Pokedex-Reloaded";
				PRODUCT_NAME = "Pokédex";
				SWIFT_VERSION = 5.0;
				TARGETED_DEVICE_FAMILY = 1;
			};
			name = Release;
		};
/* End XCBuildConfiguration section */

/* Begin XCConfigurationList section */
		049579E723B9417400B77860 /* Build configuration list for PBXProject "Pokedex Reloaded" */ = {
			isa = XCConfigurationList;
			buildConfigurations = (
				049579FE23B9417500B77860 /* Debug */,
				049579FF23B9417500B77860 /* Release */,
			);
			defaultConfigurationIsVisible = 0;
			defaultConfigurationName = Release;
		};
		04957A0023B9417500B77860 /* Build configuration list for PBXNativeTarget "Pokedex Reloaded" */ = {
			isa = XCConfigurationList;
			buildConfigurations = (
				04957A0123B9417500B77860 /* Debug */,
				04957A0223B9417500B77860 /* Release */,
			);
			defaultConfigurationIsVisible = 0;
			defaultConfigurationName = Release;
		};
/* End XCConfigurationList section */

/* Begin XCVersionGroup section */
		04696D3823FA84140039E9FF /* PokemonReloaded.xcdatamodeld */ = {
			isa = XCVersionGroup;
			children = (
				04696D3923FA84140039E9FF /* PokemonReloaded.xcdatamodel */,
			);
			currentVersion = 04696D3923FA84140039E9FF /* PokemonReloaded.xcdatamodel */;
			path = PokemonReloaded.xcdatamodeld;
			sourceTree = "<group>";
			versionGroupType = wrapper.xcdatamodel;
		};
/* End XCVersionGroup section */
	};
	rootObject = 049579E423B9417400B77860 /* Project object */;
}
